// !$*UTF8*$!
{
	archiveVersion = 1;
	classes = {
	};
	objectVersion = 50;
	objects = {

/* Begin PBXBuildFile section */
		276DEDA02140CD53003A9557 /* AppDelegate.m in Sources */ = {isa = PBXBuildFile; fileRef = 276DED9F2140CD53003A9557 /* AppDelegate.m */; };
		276DEDA32140CD53003A9557 /* ViewController.m in Sources */ = {isa = PBXBuildFile; fileRef = 276DEDA22140CD53003A9557 /* ViewController.m */; };
		276DEDA62140CD53003A9557 /* Main.storyboard in Resources */ = {isa = PBXBuildFile; fileRef = 276DEDA42140CD53003A9557 /* Main.storyboard */; };
		276DEDA82140CD55003A9557 /* Assets.xcassets in Resources */ = {isa = PBXBuildFile; fileRef = 276DEDA72140CD55003A9557 /* Assets.xcassets */; };
		276DEDAB2140CD55003A9557 /* LaunchScreen.storyboard in Resources */ = {isa = PBXBuildFile; fileRef = 276DEDA92140CD55003A9557 /* LaunchScreen.storyboard */; };
		276DEDAE2140CD55003A9557 /* main.m in Sources */ = {isa = PBXBuildFile; fileRef = 276DEDAD2140CD55003A9557 /* main.m */; };
/* End PBXBuildFile section */

/* Begin PBXFileReference section */
		276DED9B2140CD53003A9557 /* componentDemo.app */ = {isa = PBXFileReference; explicitFileType = wrapper.application; includeInIndex = 0; path = componentDemo.app; sourceTree = BUILT_PRODUCTS_DIR; };
		276DED9E2140CD53003A9557 /* AppDelegate.h */ = {isa = PBXFileReference; lastKnownFileType = sourcecode.c.h; path = AppDelegate.h; sourceTree = "<group>"; };
		276DED9F2140CD53003A9557 /* AppDelegate.m */ = {isa = PBXFileReference; lastKnownFileType = sourcecode.c.objc; path = AppDelegate.m; sourceTree = "<group>"; };
		276DEDA12140CD53003A9557 /* ViewController.h */ = {isa = PBXFileReference; lastKnownFileType = sourcecode.c.h; path = ViewController.h; sourceTree = "<group>"; };
		276DEDA22140CD53003A9557 /* ViewController.m */ = {isa = PBXFileReference; lastKnownFileType = sourcecode.c.objc; path = ViewController.m; sourceTree = "<group>"; };
		276DEDA52140CD53003A9557 /* Base */ = {isa = PBXFileReference; lastKnownFileType = file.storyboard; name = Base; path = Base.lproj/Main.storyboard; sourceTree = "<group>"; };
		276DEDA72140CD55003A9557 /* Assets.xcassets */ = {isa = PBXFileReference; lastKnownFileType = folder.assetcatalog; path = Assets.xcassets; sourceTree = "<group>"; };
		276DEDAA2140CD55003A9557 /* Base */ = {isa = PBXFileReference; lastKnownFileType = file.storyboard; name = Base; path = Base.lproj/LaunchScreen.storyboard; sourceTree = "<group>"; };
		276DEDAC2140CD55003A9557 /* Info.plist */ = {isa = PBXFileReference; lastKnownFileType = text.plist.xml; path = Info.plist; sourceTree = "<group>"; };
		276DEDAD2140CD55003A9557 /* main.m */ = {isa = PBXFileReference; lastKnownFileType = sourcecode.c.objc; path = main.m; sourceTree = "<group>"; };
/* End PBXFileReference section */

/* Begin PBXFrameworksBuildPhase section */
		276DED982140CD53003A9557 /* Frameworks */ = {
			isa = PBXFrameworksBuildPhase;
			buildActionMask = 2147483647;
			files = (
			);
			runOnlyForDeploymentPostprocessing = 0;
		};
/* End PBXFrameworksBuildPhase section */

/* Begin PBXGroup section */
		276DED922140CD53003A9557 = {
			isa = PBXGroup;
			children = (
				276DED9D2140CD53003A9557 /* componentDemo */,
				276DED9C2140CD53003A9557 /* Products */,
			);
			sourceTree = "<group>";
		};
		276DED9C2140CD53003A9557 /* Products */ = {
			isa = PBXGroup;
			children = (
				276DED9B2140CD53003A9557 /* componentDemo.app */,
			);
			name = Products;
			sourceTree = "<group>";
		};
		276DED9D2140CD53003A9557 /* componentDemo */ = {
			isa = PBXGroup;
			children = (
				276DED9E2140CD53003A9557 /* AppDelegate.h */,
				276DED9F2140CD53003A9557 /* AppDelegate.m */,
				276DEDA12140CD53003A9557 /* ViewController.h */,
				276DEDA22140CD53003A9557 /* ViewController.m */,
				276DEDA42140CD53003A9557 /* Main.storyboard */,
				276DEDA72140CD55003A9557 /* Assets.xcassets */,
				276DEDA92140CD55003A9557 /* LaunchScreen.storyboard */,
				276DEDAC2140CD55003A9557 /* Info.plist */,
				276DEDAD2140CD55003A9557 /* main.m */,
			);
			path = componentDemo;
			sourceTree = "<group>";
		};
/* End PBXGroup section */

/* Begin PBXNativeTarget section */
		276DED9A2140CD53003A9557 /* componentDemo */ = {
			isa = PBXNativeTarget;
			buildConfigurationList = 276DEDB12140CD55003A9557 /* Build configuration list for PBXNativeTarget "componentDemo" */;
			buildPhases = (
				276DED972140CD53003A9557 /* Sources */,
				276DED982140CD53003A9557 /* Frameworks */,
				276DED992140CD53003A9557 /* Resources */,
			);
			buildRules = (
			);
			dependencies = (
			);
			name = componentDemo;
			productName = componentDemo;
			productReference = 276DED9B2140CD53003A9557 /* componentDemo.app */;
			productType = "com.apple.product-type.application";
		};
/* End PBXNativeTarget section */

/* Begin PBXProject section */
		276DED932140CD53003A9557 /* Project object */ = {
			isa = PBXProject;
			attributes = {
				LastUpgradeCheck = 1000;
				ORGANIZATIONNAME = nihuo;
				TargetAttributes = {
					276DED9A2140CD53003A9557 = {
						CreatedOnToolsVersion = 10.0;
					};
				};
			};
			buildConfigurationList = 276DED962140CD53003A9557 /* Build configuration list for PBXProject "componentDemo" */;
			compatibilityVersion = "Xcode 9.3";
			developmentRegion = en;
			hasScannedForEncodings = 0;
			knownRegions = (
				en,
				Base,
			);
			mainGroup = 276DED922140CD53003A9557;
			productRefGroup = 276DED9C2140CD53003A9557 /* Products */;
			projectDirPath = "";
			projectRoot = "";
			targets = (
				276DED9A2140CD53003A9557 /* componentDemo */,
			);
		};
/* End PBXProject section */

/* Begin PBXResourcesBuildPhase section */
		276DED992140CD53003A9557 /* Resources */ = {
			isa = PBXResourcesBuildPhase;
			buildActionMask = 2147483647;
			files = (
				276DEDAB2140CD55003A9557 /* LaunchScreen.storyboard in Resources */,
				276DEDA82140CD55003A9557 /* Assets.xcassets in Resources */,
				276DEDA62140CD53003A9557 /* Main.storyboard in Resources */,
			);
			runOnlyForDeploymentPostprocessing = 0;
		};
/* End PBXResourcesBuildPhase section */

/* Begin PBXSourcesBuildPhase section */
		276DED972140CD53003A9557 /* Sources */ = {
			isa = PBXSourcesBuildPhase;
			buildActionMask = 2147483647;
			files = (
				276DEDA32140CD53003A9557 /* ViewController.m in Sources */,
				276DEDAE2140CD55003A9557 /* main.m in Sources */,
				276DEDA02140CD53003A9557 /* AppDelegate.m in Sources */,
			);
			runOnlyForDeploymentPostprocessing = 0;
		};
/* End PBXSourcesBuildPhase section */

/* Begin PBXVariantGroup section */
		276DEDA42140CD53003A9557 /* Main.storyboard */ = {
			isa = PBXVariantGroup;
			children = (
				276DEDA52140CD53003A9557 /* Base */,
			);
			name = Main.storyboard;
			sourceTree = "<group>";
		};
		276DEDA92140CD55003A9557 /* LaunchScreen.storyboard */ = {
			isa = PBXVariantGroup;
			children = (
				276DEDAA2140CD55003A9557 /* Base */,
			);
			name = LaunchScreen.storyboard;
			sourceTree = "<group>";
		};
/* End PBXVariantGroup section */

/* Begin XCBuildConfiguration section */
		276DEDAF2140CD55003A9557 /* Debug */ = {
			isa = XCBuildConfiguration;
			buildSettings = {
				ALWAYS_SEARCH_USER_PATHS = NO;
				CLANG_ANALYZER_NONNULL = YES;
				CLANG_ANALYZER_NUMBER_OBJECT_CONVERSION = YES_AGGRESSIVE;
				CLANG_CXX_LANGUAGE_STANDARD = "gnu++14";
				CLANG_CXX_LIBRARY = "libc++";
				CLANG_ENABLE_MODULES = YES;
				CLANG_ENABLE_OBJC_ARC = YES;
				CLANG_ENABLE_OBJC_WEAK = YES;
				CLANG_WARN_BLOCK_CAPTURE_AUTORELEASING = YES;
				CLANG_WARN_BOOL_CONVERSION = YES;
				CLANG_WARN_COMMA = YES;
				CLANG_WARN_CONSTANT_CONVERSION = YES;
				CLANG_WARN_DEPRECATED_OBJC_IMPLEMENTATIONS = YES;
				CLANG_WARN_DIRECT_OBJC_ISA_USAGE = YES_ERROR;
				CLANG_WARN_DOCUMENTATION_COMMENTS = YES;
				CLANG_WARN_EMPTY_BODY = YES;
				CLANG_WARN_ENUM_CONVERSION = YES;
				CLANG_WARN_INFINITE_RECURSION = YES;
				CLANG_WARN_INT_CONVERSION = YES;
				CLANG_WARN_NON_LITERAL_NULL_CONVERSION = YES;
				CLANG_WARN_OBJC_IMPLICIT_RETAIN_SELF = YES;
				CLANG_WARN_OBJC_LITERAL_CONVERSION = YES;
				CLANG_WARN_OBJC_ROOT_CLASS = YES_ERROR;
				CLANG_WARN_RANGE_LOOP_ANALYSIS = YES;
				CLANG_WARN_STRICT_PROTOTYPES = YES;
				CLANG_WARN_SUSPICIOUS_MOVE = YES;
				CLANG_WARN_UNGUARDED_AVAILABILITY = YES_AGGRESSIVE;
				CLANG_WARN_UNREACHABLE_CODE = YES;
				CLANG_WARN__DUPLICATE_METHOD_MATCH = YES;
				CODE_SIGN_IDENTITY = "iPhone Developer";
				COPY_PHASE_STRIP = NO;
				DEBUG_INFORMATION_FORMAT = dwarf;
				ENABLE_STRICT_OBJC_MSGSEND = YES;
				ENABLE_TESTABILITY = YES;
				GCC_C_LANGUAGE_STANDARD = gnu11;
				GCC_DYNAMIC_NO_PIC = NO;
				GCC_NO_COMMON_BLOCKS = YES;
				GCC_OPTIMIZATION_LEVEL = 0;
				GCC_PREPROCESSOR_DEFINITIONS = (
					"DEBUG=1",
					"$(inherited)",
				);
				GCC_WARN_64_TO_32_BIT_CONVERSION = YES;
				GCC_WARN_ABOUT_RETURN_TYPE = YES_ERROR;
				GCC_WARN_UNDECLARED_SELECTOR = YES;
				GCC_WARN_UNINITIALIZED_AUTOS = YES_AGGRESSIVE;
				GCC_WARN_UNUSED_FUNCTION = YES;
				GCC_WARN_UNUSED_VARIABLE = YES;
				IPHONEOS_DEPLOYMENT_TARGET = 12.0;
				MTL_ENABLE_DEBUG_INFO = INCLUDE_SOURCE;
				MTL_FAST_MATH = YES;
				ONLY_ACTIVE_ARCH = YES;
				SDKROOT = iphoneos;
			};
			name = Debug;
		};
		276DEDB02140CD55003A9557 /* Release */ = {
			isa = XCBuildConfiguration;
			buildSettings = {
				ALWAYS_SEARCH_USER_PATHS = NO;
				CLANG_ANALYZER_NONNULL = YES;
				CLANG_ANALYZER_NUMBER_OBJECT_CONVERSION = YES_AGGRESSIVE;
				CLANG_CXX_LANGUAGE_STANDARD = "gnu++14";
				CLANG_CXX_LIBRARY = "libc++";
				CLANG_ENABLE_MODULES = YES;
				CLANG_ENABLE_OBJC_ARC = YES;
				CLANG_ENABLE_OBJC_WEAK = YES;
				CLANG_WARN_BLOCK_CAPTURE_AUTORELEASING = YES;
				CLANG_WARN_BOOL_CONVERSION = YES;
				CLANG_WARN_COMMA = YES;
				CLANG_WARN_CONSTANT_CONVERSION = YES;
				CLANG_WARN_DEPRECATED_OBJC_IMPLEMENTATIONS = YES;
				CLANG_WARN_DIRECT_OBJC_ISA_USAGE = YES_ERROR;
				CLANG_WARN_DOCUMENTATION_COMMENTS = YES;
				CLANG_WARN_EMPTY_BODY = YES;
				CLANG_WARN_ENUM_CONVERSION = YES;
				CLANG_WARN_INFINITE_RECURSION = YES;
				CLANG_WARN_INT_CONVERSION = YES;
				CLANG_WARN_NON_LITERAL_NULL_CONVERSION = YES;
				CLANG_WARN_OBJC_IMPLICIT_RETAIN_SELF = YES;
				CLANG_WARN_OBJC_LITERAL_CONVERSION = YES;
				CLANG_WARN_OBJC_ROOT_CLASS = YES_ERROR;
				CLANG_WARN_RANGE_LOOP_ANALYSIS = YES;
				CLANG_WARN_STRICT_PROTOTYPES = YES;
				CLANG_WARN_SUSPICIOUS_MOVE = YES;
				CLANG_WARN_UNGUARDED_AVAILABILITY = YES_AGGRESSIVE;
				CLANG_WARN_UNREACHABLE_CODE = YES;
				CLANG_WARN__DUPLICATE_METHOD_MATCH = YES;
				CODE_SIGN_IDENTITY = "iPhone Developer";
				COPY_PHASE_STRIP = NO;
				DEBUG_INFORMATION_FORMAT = "dwarf-with-dsym";
				ENABLE_NS_ASSERTIONS = NO;
				ENABLE_STRICT_OBJC_MSGSEND = YES;
				GCC_C_LANGUAGE_STANDARD = gnu11;
				GCC_NO_COMMON_BLOCKS = YES;
				GCC_WARN_64_TO_32_BIT_CONVERSION = YES;
				GCC_WARN_ABOUT_RETURN_TYPE = YES_ERROR;
				GCC_WARN_UNDECLARED_SELECTOR = YES;
				GCC_WARN_UNINITIALIZED_AUTOS = YES_AGGRESSIVE;
				GCC_WARN_UNUSED_FUNCTION = YES;
				GCC_WARN_UNUSED_VARIABLE = YES;
				IPHONEOS_DEPLOYMENT_TARGET = 12.0;
				MTL_ENABLE_DEBUG_INFO = NO;
				MTL_FAST_MATH = YES;
				SDKROOT = iphoneos;
				VALIDATE_PRODUCT = YES;
			};
			name = Release;
		};
		276DEDB22140CD55003A9557 /* Debug */ = {
			isa = XCBuildConfiguration;
			buildSettings = {
				ASSETCATALOG_COMPILER_APPICON_NAME = AppIcon;
				CODE_SIGN_STYLE = Automatic;
				INFOPLIST_FILE = componentDemo/Info.plist;
				LD_RUNPATH_SEARCH_PATHS = (
					"$(inherited)",
					"@executable_path/Frameworks",
				);
				PRODUCT_BUNDLE_IDENTIFIER = com.component.componentDemo;
				PRODUCT_NAME = "$(TARGET_NAME)";
				TARGETED_DEVICE_FAMILY = "1,2";
			};
			name = Debug;
		};
		276DEDB32140CD55003A9557 /* Release */ = {
			isa = XCBuildConfiguration;
			buildSettings = {
				ASSETCATALOG_COMPILER_APPICON_NAME = AppIcon;
				CODE_SIGN_STYLE = Automatic;
				INFOPLIST_FILE = componentDemo/Info.plist;
				LD_RUNPATH_SEARCH_PATHS = (
					"$(inherited)",
					"@executable_path/Frameworks",
				);
				PRODUCT_BUNDLE_IDENTIFIER = com.component.componentDemo;
				PRODUCT_NAME = "$(TARGET_NAME)";
				TARGETED_DEVICE_FAMILY = "1,2";
			};
			name = Release;
		};
/* End XCBuildConfiguration section */

/* Begin XCConfigurationList section */
		276DED962140CD53003A9557 /* Build configuration list for PBXProject "componentDemo" */ = {
			isa = XCConfigurationList;
			buildConfigurations = (
				276DEDAF2140CD55003A9557 /* Debug */,
				276DEDB02140CD55003A9557 /* Release */,
			);
			defaultConfigurationIsVisible = 0;
			defaultConfigurationName = Release;
		};
		276DEDB12140CD55003A9557 /* Build configuration list for PBXNativeTarget "componentDemo" */ = {
			isa = XCConfigurationList;
			buildConfigurations = (
				276DEDB22140CD55003A9557 /* Debug */,
				276DEDB32140CD55003A9557 /* Release */,
			);
			defaultConfigurationIsVisible = 0;
			defaultConfigurationName = Release;
		};
/* End XCConfigurationList section */
	};
	rootObject = 276DED932140CD53003A9557 /* Project object */;
}
